
Microsoft Visual Studio Solution File, Format Version 12.00
# Visual Studio Version 17
VisualStudioVersion = 17.13.35828.75 d17.13
MinimumVisualStudioVersion = 10.0.40219.1
Project("{FAE04EC0-301F-11D3-BF4B-00C04F79EFBC}") = "DesafioEmpregadosOO", "DesafioEmpregadosOO\DesafioEmpregadosOO.csproj", "{389BA130-054F-4E93-9FA4-9A67AD1DD0A0}"
EndProject
Global
	GlobalSection(SolutionConfigurationPlatforms) = preSolution
		Debug|Any CPU = Debug|Any CPU
		Release|Any CPU = Release|Any CPU
	EndGlobalSection
	GlobalSection(ProjectConfigurationPlatforms) = postSolution
		{389BA130-054F-4E93-9FA4-9A67AD1DD0A0}.Debug|Any CPU.ActiveCfg = Debug|Any CPU
		{389BA130-054F-4E93-9FA4-9A67AD1DD0A0}.Debug|Any CPU.Build.0 = Debug|Any CPU
		{389BA130-054F-4E93-9FA4-9A67AD1DD0A0}.Release|Any CPU.ActiveCfg = Release|Any CPU
		{389BA130-054F-4E93-9FA4-9A67AD1DD0A0}.Release|Any CPU.Build.0 = Release|Any CPU
	EndGlobalSection
	GlobalSection(SolutionProperties) = preSolution
		HideSolutionNode = FALSE
	EndGlobalSection
	GlobalSection(ExtensibilityGlobals) = postSolution
		SolutionGuid = {73F45843-2183-45A6-A422-B052E204C51E}
	EndGlobalSection
EndGlobal
